// !$*UTF8*$!
{
	archiveVersion = 1;
	classes = {
	};
	objectVersion = 46;
	objects = {

/* Begin PBXBuildFile section */
		8265B222199C514200C95410 /* adacam.jpg in Resources */ = {isa = PBXBuildFile; fileRef = 8265B221199C514200C95410 /* adacam.jpg */; };
		8265B224199C51E900C95410 /* adamessage.jpg in Resources */ = {isa = PBXBuildFile; fileRef = 8265B223199C51E900C95410 /* adamessage.jpg */; };
		8265B226199C58CE00C95410 /* README.md in Resources */ = {isa = PBXBuildFile; fileRef = 8265B225199C58CE00C95410 /* README.md */; };
		82F4795F199BE7DD00D55031 /* Foundation.framework in Frameworks */ = {isa = PBXBuildFile; fileRef = 82F4795E199BE7DD00D55031 /* Foundation.framework */; };
		82F47961199BE7DD00D55031 /* CoreGraphics.framework in Frameworks */ = {isa = PBXBuildFile; fileRef = 82F47960199BE7DD00D55031 /* CoreGraphics.framework */; };
		82F47963199BE7DD00D55031 /* UIKit.framework in Frameworks */ = {isa = PBXBuildFile; fileRef = 82F47962199BE7DD00D55031 /* UIKit.framework */; };
		82F47969199BE7DD00D55031 /* InfoPlist.strings in Resources */ = {isa = PBXBuildFile; fileRef = 82F47967199BE7DD00D55031 /* InfoPlist.strings */; };
		82F4796B199BE7DD00D55031 /* main.m in Sources */ = {isa = PBXBuildFile; fileRef = 82F4796A199BE7DD00D55031 /* main.m */; };
		82F4796F199BE7DD00D55031 /* AppDelegate.m in Sources */ = {isa = PBXBuildFile; fileRef = 82F4796E199BE7DD00D55031 /* AppDelegate.m */; };
		82F47972199BE7DD00D55031 /* Main.storyboard in Resources */ = {isa = PBXBuildFile; fileRef = 82F47970199BE7DD00D55031 /* Main.storyboard */; };
		82F47975199BE7DD00D55031 /* ViewController.m in Sources */ = {isa = PBXBuildFile; fileRef = 82F47974199BE7DD00D55031 /* ViewController.m */; };
		82F47977199BE7DD00D55031 /* Images.xcassets in Resources */ = {isa = PBXBuildFile; fileRef = 82F47976199BE7DD00D55031 /* Images.xcassets */; };
		82F4797E199BE7DD00D55031 /* XCTest.framework in Frameworks */ = {isa = PBXBuildFile; fileRef = 82F4797D199BE7DD00D55031 /* XCTest.framework */; };
		82F4797F199BE7DD00D55031 /* Foundation.framework in Frameworks */ = {isa = PBXBuildFile; fileRef = 82F4795E199BE7DD00D55031 /* Foundation.framework */; };
		82F47980199BE7DD00D55031 /* UIKit.framework in Frameworks */ = {isa = PBXBuildFile; fileRef = 82F47962199BE7DD00D55031 /* UIKit.framework */; };
		82F47988199BE7DD00D55031 /* InfoPlist.strings in Resources */ = {isa = PBXBuildFile; fileRef = 82F47986199BE7DD00D55031 /* InfoPlist.strings */; };
		82F4798A199BE7DD00D55031 /* DogChatTests.m in Sources */ = {isa = PBXBuildFile; fileRef = 82F47989199BE7DD00D55031 /* DogChatTests.m */; };
		82F47994199BE80100D55031 /* MediaPlayer.framework in Frameworks */ = {isa = PBXBuildFile; fileRef = 82F47993199BE80100D55031 /* MediaPlayer.framework */; };
		82F47996199BF64C00D55031 /* dogbonebutton.png in Resources */ = {isa = PBXBuildFile; fileRef = 82F47995199BF64C00D55031 /* dogbonebutton.png */; };
		82F47999199BFA8200D55031 /* dog_outline.png in Resources */ = {isa = PBXBuildFile; fileRef = 82F47998199BFA8200D55031 /* dog_outline.png */; };
/* End PBXBuildFile section */

/* Begin PBXContainerItemProxy section */
		82F47981199BE7DD00D55031 /* PBXContainerItemProxy */ = {
			isa = PBXContainerItemProxy;
			containerPortal = 82F47953199BE7DD00D55031 /* Project object */;
			proxyType = 1;
			remoteGlobalIDString = 82F4795A199BE7DD00D55031;
			remoteInfo = DogChat;
		};
/* End PBXContainerItemProxy section */

/* Begin PBXFileReference section */
		8265B221199C514200C95410 /* adacam.jpg */ = {isa = PBXFileReference; lastKnownFileType = image.jpeg; path = adacam.jpg; sourceTree = "<group>"; };
		8265B223199C51E900C95410 /* adamessage.jpg */ = {isa = PBXFileReference; lastKnownFileType = image.jpeg; path = adamessage.jpg; sourceTree = "<group>"; };
		8265B225199C58CE00C95410 /* README.md */ = {isa = PBXFileReference; fileEncoding = 4; lastKnownFileType = text; path = README.md; sourceTree = "<group>"; };
		82F4795B199BE7DD00D55031 /* DogChat.app */ = {isa = PBXFileReference; explicitFileType = wrapper.application; includeInIndex = 0; path = DogChat.app; sourceTree = BUILT_PRODUCTS_DIR; };
		82F4795E199BE7DD00D55031 /* Foundation.framework */ = {isa = PBXFileReference; lastKnownFileType = wrapper.framework; name = Foundation.framework; path = System/Library/Frameworks/Foundation.framework; sourceTree = SDKROOT; };
		82F47960199BE7DD00D55031 /* CoreGraphics.framework */ = {isa = PBXFileReference; lastKnownFileType = wrapper.framework; name = CoreGraphics.framework; path = System/Library/Frameworks/CoreGraphics.framework; sourceTree = SDKROOT; };
		82F47962199BE7DD00D55031 /* UIKit.framework */ = {isa = PBXFileReference; lastKnownFileType = wrapper.framework; name = UIKit.framework; path = System/Library/Frameworks/UIKit.framework; sourceTree = SDKROOT; };
		82F47966199BE7DD00D55031 /* DogChat-Info.plist */ = {isa = PBXFileReference; lastKnownFileType = text.plist.xml; path = "DogChat-Info.plist"; sourceTree = "<group>"; };
		82F47968199BE7DD00D55031 /* en */ = {isa = PBXFileReference; lastKnownFileType = text.plist.strings; name = en; path = en.lproj/InfoPlist.strings; sourceTree = "<group>"; };
		82F4796A199BE7DD00D55031 /* main.m */ = {isa = PBXFileReference; lastKnownFileType = sourcecode.c.objc; path = main.m; sourceTree = "<group>"; };
		82F4796C199BE7DD00D55031 /* DogChat-Prefix.pch */ = {isa = PBXFileReference; lastKnownFileType = sourcecode.c.h; path = "DogChat-Prefix.pch"; sourceTree = "<group>"; };
		82F4796D199BE7DD00D55031 /* AppDelegate.h */ = {isa = PBXFileReference; lastKnownFileType = sourcecode.c.h; path = AppDelegate.h; sourceTree = "<group>"; };
		82F4796E199BE7DD00D55031 /* AppDelegate.m */ = {isa = PBXFileReference; lastKnownFileType = sourcecode.c.objc; path = AppDelegate.m; sourceTree = "<group>"; };
		82F47971199BE7DD00D55031 /* Base */ = {isa = PBXFileReference; lastKnownFileType = file.storyboard; name = Base; path = Base.lproj/Main.storyboard; sourceTree = "<group>"; };
		82F47973199BE7DD00D55031 /* ViewController.h */ = {isa = PBXFileReference; lastKnownFileType = sourcecode.c.h; path = ViewController.h; sourceTree = "<group>"; };
		82F47974199BE7DD00D55031 /* ViewController.m */ = {isa = PBXFileReference; lastKnownFileType = sourcecode.c.objc; path = ViewController.m; sourceTree = "<group>"; };
		82F47976199BE7DD00D55031 /* Images.xcassets */ = {isa = PBXFileReference; lastKnownFileType = folder.assetcatalog; path = Images.xcassets; sourceTree = "<group>"; };
		82F4797C199BE7DD00D55031 /* DogChatTests.xctest */ = {isa = PBXFileReference; explicitFileType = wrapper.cfbundle; includeInIndex = 0; path = DogChatTests.xctest; sourceTree = BUILT_PRODUCTS_DIR; };
		82F4797D199BE7DD00D55031 /* XCTest.framework */ = {isa = PBXFileReference; lastKnownFileType = wrapper.framework; name = XCTest.framework; path = Library/Frameworks/XCTest.framework; sourceTree = DEVELOPER_DIR; };
		82F47985199BE7DD00D55031 /* DogChatTests-Info.plist */ = {isa = PBXFileReference; lastKnownFileType = text.plist.xml; path = "DogChatTests-Info.plist"; sourceTree = "<group>"; };
		82F47987199BE7DD00D55031 /* en */ = {isa = PBXFileReference; lastKnownFileType = text.plist.strings; name = en; path = en.lproj/InfoPlist.strings; sourceTree = "<group>"; };
		82F47989199BE7DD00D55031 /* DogChatTests.m */ = {isa = PBXFileReference; lastKnownFileType = sourcecode.c.objc; path = DogChatTests.m; sourceTree = "<group>"; };
		82F47993199BE80100D55031 /* MediaPlayer.framework */ = {isa = PBXFileReference; lastKnownFileType = wrapper.framework; name = MediaPlayer.framework; path = System/Library/Frameworks/MediaPlayer.framework; sourceTree = SDKROOT; };
		82F47995199BF64C00D55031 /* dogbonebutton.png */ = {isa = PBXFileReference; lastKnownFileType = image.png; path = dogbonebutton.png; sourceTree = "<group>"; };
		82F47998199BFA8200D55031 /* dog_outline.png */ = {isa = PBXFileReference; lastKnownFileType = image.png; path = dog_outline.png; sourceTree = "<group>"; };
/* End PBXFileReference section */

/* Begin PBXFrameworksBuildPhase section */
		82F47958199BE7DD00D55031 /* Frameworks */ = {
			isa = PBXFrameworksBuildPhase;
			buildActionMask = 2147483647;
			files = (
				82F47994199BE80100D55031 /* MediaPlayer.framework in Frameworks */,
				82F47961199BE7DD00D55031 /* CoreGraphics.framework in Frameworks */,
				82F47963199BE7DD00D55031 /* UIKit.framework in Frameworks */,
				82F4795F199BE7DD00D55031 /* Foundation.framework in Frameworks */,
			);
			runOnlyForDeploymentPostprocessing = 0;
		};
		82F47979199BE7DD00D55031 /* Frameworks */ = {
			isa = PBXFrameworksBuildPhase;
			buildActionMask = 2147483647;
			files = (
				82F4797E199BE7DD00D55031 /* XCTest.framework in Frameworks */,
				82F47980199BE7DD00D55031 /* UIKit.framework in Frameworks */,
				82F4797F199BE7DD00D55031 /* Foundation.framework in Frameworks */,
			);
			runOnlyForDeploymentPostprocessing = 0;
		};
/* End PBXFrameworksBuildPhase section */

/* Begin PBXGroup section */
		82F47952199BE7DD00D55031 = {
			isa = PBXGroup;
			children = (
				8265B225199C58CE00C95410 /* README.md */,
				82F47964199BE7DD00D55031 /* DogChat */,
				82F47983199BE7DD00D55031 /* DogChatTests */,
				82F4795D199BE7DD00D55031 /* Frameworks */,
				82F4795C199BE7DD00D55031 /* Products */,
			);
			sourceTree = "<group>";
		};
		82F4795C199BE7DD00D55031 /* Products */ = {
			isa = PBXGroup;
			children = (
				82F4795B199BE7DD00D55031 /* DogChat.app */,
				82F4797C199BE7DD00D55031 /* DogChatTests.xctest */,
			);
			name = Products;
			sourceTree = "<group>";
		};
		82F4795D199BE7DD00D55031 /* Frameworks */ = {
			isa = PBXGroup;
			children = (
				82F47993199BE80100D55031 /* MediaPlayer.framework */,
				82F4795E199BE7DD00D55031 /* Foundation.framework */,
				82F47960199BE7DD00D55031 /* CoreGraphics.framework */,
				82F47962199BE7DD00D55031 /* UIKit.framework */,
				82F4797D199BE7DD00D55031 /* XCTest.framework */,
			);
			name = Frameworks;
			sourceTree = "<group>";
		};
		82F47964199BE7DD00D55031 /* DogChat */ = {
			isa = PBXGroup;
			children = (
				82F4796D199BE7DD00D55031 /* AppDelegate.h */,
				82F4796E199BE7DD00D55031 /* AppDelegate.m */,
				82F47973199BE7DD00D55031 /* ViewController.h */,
				82F47974199BE7DD00D55031 /* ViewController.m */,
				82F47997199BF65200D55031 /* Resources */,
				82F47965199BE7DD00D55031 /* Supporting Files */,
			);
			path = DogChat;
			sourceTree = "<group>";
		};
		82F47965199BE7DD00D55031 /* Supporting Files */ = {
			isa = PBXGroup;
			children = (
				82F47966199BE7DD00D55031 /* DogChat-Info.plist */,
				82F47967199BE7DD00D55031 /* InfoPlist.strings */,
				82F4796A199BE7DD00D55031 /* main.m */,
				82F4796C199BE7DD00D55031 /* DogChat-Prefix.pch */,
			);
			name = "Supporting Files";
			sourceTree = "<group>";
		};
		82F47983199BE7DD00D55031 /* DogChatTests */ = {
			isa = PBXGroup;
			children = (
				82F47989199BE7DD00D55031 /* DogChatTests.m */,
				82F47984199BE7DD00D55031 /* Supporting Files */,
			);
			path = DogChatTests;
			sourceTree = "<group>";
		};
		82F47984199BE7DD00D55031 /* Supporting Files */ = {
			isa = PBXGroup;
			children = (
				82F47985199BE7DD00D55031 /* DogChatTests-Info.plist */,
				82F47986199BE7DD00D55031 /* InfoPlist.strings */,
			);
			name = "Supporting Files";
			sourceTree = "<group>";
		};
		82F47997199BF65200D55031 /* Resources */ = {
			isa = PBXGroup;
			children = (
				82F47998199BFA8200D55031 /* dog_outline.png */,
				82F47995199BF64C00D55031 /* dogbonebutton.png */,
				8265B221199C514200C95410 /* adacam.jpg */,
				8265B223199C51E900C95410 /* adamessage.jpg */,
				82F47970199BE7DD00D55031 /* Main.storyboard */,
				82F47976199BE7DD00D55031 /* Images.xcassets */,
			);
			name = Resources;
			sourceTree = "<group>";
		};
/* End PBXGroup section */

/* Begin PBXNativeTarget section */
		82F4795A199BE7DD00D55031 /* DogChat */ = {
			isa = PBXNativeTarget;
			buildConfigurationList = 82F4798D199BE7DD00D55031 /* Build configuration list for PBXNativeTarget "DogChat" */;
			buildPhases = (
				82F47957199BE7DD00D55031 /* Sources */,
				82F47958199BE7DD00D55031 /* Frameworks */,
				82F47959199BE7DD00D55031 /* Resources */,
			);
			buildRules = (
			);
			dependencies = (
			);
			name = DogChat;
			productName = DogChat;
			productReference = 82F4795B199BE7DD00D55031 /* DogChat.app */;
			productType = "com.apple.product-type.application";
		};
		82F4797B199BE7DD00D55031 /* DogChatTests */ = {
			isa = PBXNativeTarget;
			buildConfigurationList = 82F47990199BE7DD00D55031 /* Build configuration list for PBXNativeTarget "DogChatTests" */;
			buildPhases = (
				82F47978199BE7DD00D55031 /* Sources */,
				82F47979199BE7DD00D55031 /* Frameworks */,
				82F4797A199BE7DD00D55031 /* Resources */,
			);
			buildRules = (
			);
			dependencies = (
				82F47982199BE7DD00D55031 /* PBXTargetDependency */,
			);
			name = DogChatTests;
			productName = DogChatTests;
			productReference = 82F4797C199BE7DD00D55031 /* DogChatTests.xctest */;
			productType = "com.apple.product-type.bundle.unit-test";
		};
/* End PBXNativeTarget section */

/* Begin PBXProject section */
		82F47953199BE7DD00D55031 /* Project object */ = {
			isa = PBXProject;
			attributes = {
				LastUpgradeCheck = 0510;
				ORGANIZATIONNAME = lauraskelton;
				TargetAttributes = {
					82F4797B199BE7DD00D55031 = {
						TestTargetID = 82F4795A199BE7DD00D55031;
					};
				};
			};
			buildConfigurationList = 82F47956199BE7DD00D55031 /* Build configuration list for PBXProject "DogChat" */;
			compatibilityVersion = "Xcode 3.2";
			developmentRegion = English;
			hasScannedForEncodings = 0;
			knownRegions = (
				en,
				Base,
			);
			mainGroup = 82F47952199BE7DD00D55031;
			productRefGroup = 82F4795C199BE7DD00D55031 /* Products */;
			projectDirPath = "";
			projectRoot = "";
			targets = (
				82F4795A199BE7DD00D55031 /* DogChat */,
				82F4797B199BE7DD00D55031 /* DogChatTests */,
			);
		};
/* End PBXProject section */

/* Begin PBXResourcesBuildPhase section */
		82F47959199BE7DD00D55031 /* Resources */ = {
			isa = PBXResourcesBuildPhase;
			buildActionMask = 2147483647;
			files = (
				82F47977199BE7DD00D55031 /* Images.xcassets in Resources */,
				82F47969199BE7DD00D55031 /* InfoPlist.strings in Resources */,
				8265B222199C514200C95410 /* adacam.jpg in Resources */,
				82F47999199BFA8200D55031 /* dog_outline.png in Resources */,
				82F47996199BF64C00D55031 /* dogbonebutton.png in Resources */,
				82F47972199BE7DD00D55031 /* Main.storyboard in Resources */,
				8265B226199C58CE00C95410 /* README.md in Resources */,
				8265B224199C51E900C95410 /* adamessage.jpg in Resources */,
			);
			runOnlyForDeploymentPostprocessing = 0;
		};
		82F4797A199BE7DD00D55031 /* Resources */ = {
			isa = PBXResourcesBuildPhase;
			buildActionMask = 2147483647;
			files = (
				82F47988199BE7DD00D55031 /* InfoPlist.strings in Resources */,
			);
			runOnlyForDeploymentPostprocessing = 0;
		};
/* End PBXResourcesBuildPhase section */

/* Begin PBXSourcesBuildPhase section */
		82F47957199BE7DD00D55031 /* Sources */ = {
			isa = PBXSourcesBuildPhase;
			buildActionMask = 2147483647;
			files = (
				82F47975199BE7DD00D55031 /* ViewController.m in Sources */,
				82F4796F199BE7DD00D55031 /* AppDelegate.m in Sources */,
				82F4796B199BE7DD00D55031 /* main.m in Sources */,
			);
			runOnlyForDeploymentPostprocessing = 0;
		};
		82F47978199BE7DD00D55031 /* Sources */ = {
			isa = PBXSourcesBuildPhase;
			buildActionMask = 2147483647;
			files = (
				82F4798A199BE7DD00D55031 /* DogChatTests.m in Sources */,
			);
			runOnlyForDeploymentPostprocessing = 0;
		};
/* End PBXSourcesBuildPhase section */

/* Begin PBXTargetDependency section */
		82F47982199BE7DD00D55031 /* PBXTargetDependency */ = {
			isa = PBXTargetDependency;
			target = 82F4795A199BE7DD00D55031 /* DogChat */;
			targetProxy = 82F47981199BE7DD00D55031 /* PBXContainerItemProxy */;
		};
/* End PBXTargetDependency section */

/* Begin PBXVariantGroup section */
		82F47967199BE7DD00D55031 /* InfoPlist.strings */ = {
			isa = PBXVariantGroup;
			children = (
				82F47968199BE7DD00D55031 /* en */,
			);
			name = InfoPlist.strings;
			sourceTree = "<group>";
		};
		82F47970199BE7DD00D55031 /* Main.storyboard */ = {
			isa = PBXVariantGroup;
			children = (
				82F47971199BE7DD00D55031 /* Base */,
			);
			name = Main.storyboard;
			sourceTree = "<group>";
		};
		82F47986199BE7DD00D55031 /* InfoPlist.strings */ = {
			isa = PBXVariantGroup;
			children = (
				82F47987199BE7DD00D55031 /* en */,
			);
			name = InfoPlist.strings;
			sourceTree = "<group>";
		};
/* End PBXVariantGroup section */

/* Begin XCBuildConfiguration section */
		82F4798B199BE7DD00D55031 /* Debug */ = {
			isa = XCBuildConfiguration;
			buildSettings = {
				ALWAYS_SEARCH_USER_PATHS = NO;
				CLANG_CXX_LANGUAGE_STANDARD = "gnu++0x";
				CLANG_CXX_LIBRARY = "libc++";
				CLANG_ENABLE_MODULES = YES;
				CLANG_ENABLE_OBJC_ARC = YES;
				CLANG_WARN_BOOL_CONVERSION = YES;
				CLANG_WARN_CONSTANT_CONVERSION = YES;
				CLANG_WARN_DIRECT_OBJC_ISA_USAGE = YES_ERROR;
				CLANG_WARN_EMPTY_BODY = YES;
				CLANG_WARN_ENUM_CONVERSION = YES;
				CLANG_WARN_INT_CONVERSION = YES;
				CLANG_WARN_OBJC_ROOT_CLASS = YES_ERROR;
				CLANG_WARN__DUPLICATE_METHOD_MATCH = YES;
				"CODE_SIGN_IDENTITY[sdk=iphoneos*]" = "iPhone Developer";
				COPY_PHASE_STRIP = NO;
				GCC_C_LANGUAGE_STANDARD = gnu99;
				GCC_DYNAMIC_NO_PIC = NO;
				GCC_OPTIMIZATION_LEVEL = 0;
				GCC_PREPROCESSOR_DEFINITIONS = (
					"DEBUG=1",
					"$(inherited)",
				);
				GCC_SYMBOLS_PRIVATE_EXTERN = NO;
				GCC_WARN_64_TO_32_BIT_CONVERSION = YES;
				GCC_WARN_ABOUT_RETURN_TYPE = YES_ERROR;
				GCC_WARN_UNDECLARED_SELECTOR = YES;
				GCC_WARN_UNINITIALIZED_AUTOS = YES_AGGRESSIVE;
				GCC_WARN_UNUSED_FUNCTION = YES;
				GCC_WARN_UNUSED_VARIABLE = YES;
				IPHONEOS_DEPLOYMENT_TARGET = 7.1;
				ONLY_ACTIVE_ARCH = YES;
				SDKROOT = iphoneos;
			};
			name = Debug;
		};
		82F4798C199BE7DD00D55031 /* Release */ = {
			isa = XCBuildConfiguration;
			buildSettings = {
				ALWAYS_SEARCH_USER_PATHS = NO;
				CLANG_CXX_LANGUAGE_STANDARD = "gnu++0x";
				CLANG_CXX_LIBRARY = "libc++";
				CLANG_ENABLE_MODULES = YES;
				CLANG_ENABLE_OBJC_ARC = YES;
				CLANG_WARN_BOOL_CONVERSION = YES;
				CLANG_WARN_CONSTANT_CONVERSION = YES;
				CLANG_WARN_DIRECT_OBJC_ISA_USAGE = YES_ERROR;
				CLANG_WARN_EMPTY_BODY = YES;
				CLANG_WARN_ENUM_CONVERSION = YES;
				CLANG_WARN_INT_CONVERSION = YES;
				CLANG_WARN_OBJC_ROOT_CLASS = YES_ERROR;
				CLANG_WARN__DUPLICATE_METHOD_MATCH = YES;
				"CODE_SIGN_IDENTITY[sdk=iphoneos*]" = "iPhone Developer";
				COPY_PHASE_STRIP = YES;
				ENABLE_NS_ASSERTIONS = NO;
				GCC_C_LANGUAGE_STANDARD = gnu99;
				GCC_WARN_64_TO_32_BIT_CONVERSION = YES;
				GCC_WARN_ABOUT_RETURN_TYPE = YES_ERROR;
				GCC_WARN_UNDECLARED_SELECTOR = YES;
				GCC_WARN_UNINITIALIZED_AUTOS = YES_AGGRESSIVE;
				GCC_WARN_UNUSED_FUNCTION = YES;
				GCC_WARN_UNUSED_VARIABLE = YES;
				IPHONEOS_DEPLOYMENT_TARGET = 7.1;
				SDKROOT = iphoneos;
				VALIDATE_PRODUCT = YES;
			};
			name = Release;
		};
		82F4798E199BE7DD00D55031 /* Debug */ = {
			isa = XCBuildConfiguration;
			buildSettings = {
				ASSETCATALOG_COMPILER_APPICON_NAME = AppIcon;
				ASSETCATALOG_COMPILER_LAUNCHIMAGE_NAME = LaunchImage;
				GCC_PRECOMPILE_PREFIX_HEADER = YES;
				GCC_PREFIX_HEADER = "DogChat/DogChat-Prefix.pch";
				INFOPLIST_FILE = "DogChat/DogChat-Info.plist";
				PRODUCT_NAME = "$(TARGET_NAME)";
				WRAPPER_EXTENSION = app;
			};
			name = Debug;
		};
		82F4798F199BE7DD00D55031 /* Release */ = {
			isa = XCBuildConfiguration;
			buildSettings = {
				ASSETCATALOG_COMPILER_APPICON_NAME = AppIcon;
				ASSETCATALOG_COMPILER_LAUNCHIMAGE_NAME = LaunchImage;
				GCC_PRECOMPILE_PREFIX_HEADER = YES;
				GCC_PREFIX_HEADER = "DogChat/DogChat-Prefix.pch";
				INFOPLIST_FILE = "DogChat/DogChat-Info.plist";
				PRODUCT_NAME = "$(TARGET_NAME)";
				WRAPPER_EXTENSION = app;
			};
			name = Release;
		};
		82F47991199BE7DD00D55031 /* Debug */ = {
			isa = XCBuildConfiguration;
			buildSettings = {
				BUNDLE_LOADER = "$(BUILT_PRODUCTS_DIR)/DogChat.app/DogChat";
				FRAMEWORK_SEARCH_PATHS = (
					"$(SDKROOT)/Developer/Library/Frameworks",
					"$(inherited)",
					"$(DEVELOPER_FRAMEWORKS_DIR)",
				);
				GCC_PRECOMPILE_PREFIX_HEADER = YES;
				GCC_PREFIX_HEADER = "DogChat/DogChat-Prefix.pch";
				GCC_PREPROCESSOR_DEFINITIONS = (
					"DEBUG=1",
					"$(inherited)",
				);
				INFOPLIST_FILE = "DogChatTests/DogChatTests-Info.plist";
				PRODUCT_NAME = "$(TARGET_NAME)";
				TEST_HOST = "$(BUNDLE_LOADER)";
				WRAPPER_EXTENSION = xctest;
			};
			name = Debug;
		};
		82F47992199BE7DD00D55031 /* Release */ = {
			isa = XCBuildConfiguration;
			buildSettings = {
				BUNDLE_LOADER = "$(BUILT_PRODUCTS_DIR)/DogChat.app/DogChat";
				FRAMEWORK_SEARCH_PATHS = (
					"$(SDKROOT)/Developer/Library/Frameworks",
					"$(inherited)",
					"$(DEVELOPER_FRAMEWORKS_DIR)",
				);
				GCC_PRECOMPILE_PREFIX_HEADER = YES;
				GCC_PREFIX_HEADER = "DogChat/DogChat-Prefix.pch";
				INFOPLIST_FILE = "DogChatTests/DogChatTests-Info.plist";
				PRODUCT_NAME = "$(TARGET_NAME)";
				TEST_HOST = "$(BUNDLE_LOADER)";
				WRAPPER_EXTENSION = xctest;
			};
			name = Release;
		};
/* End XCBuildConfiguration section */

/* Begin XCConfigurationList section */
		82F47956199BE7DD00D55031 /* Build configuration list for PBXProject "DogChat" */ = {
			isa = XCConfigurationList;
			buildConfigurations = (
				82F4798B199BE7DD00D55031 /* Debug */,
				82F4798C199BE7DD00D55031 /* Release */,
			);
			defaultConfigurationIsVisible = 0;
			defaultConfigurationName = Release;
		};
		82F4798D199BE7DD00D55031 /* Build configuration list for PBXNativeTarget "DogChat" */ = {
			isa = XCConfigurationList;
			buildConfigurations = (
				82F4798E199BE7DD00D55031 /* Debug */,
				82F4798F199BE7DD00D55031 /* Release */,
			);
			defaultConfigurationIsVisible = 0;
			defaultConfigurationName = Release;
		};
		82F47990199BE7DD00D55031 /* Build configuration list for PBXNativeTarget "DogChatTests" */ = {
			isa = XCConfigurationList;
			buildConfigurations = (
				82F47991199BE7DD00D55031 /* Debug */,
				82F47992199BE7DD00D55031 /* Release */,
			);
			defaultConfigurationIsVisible = 0;
			defaultConfigurationName = Release;
		};
/* End XCConfigurationList section */
	};
	rootObject = 82F47953199BE7DD00D55031 /* Project object */;
}
